
Microsoft Visual Studio Solution File, Format Version 12.00
# Visual Studio Version 17
VisualStudioVersion = 17.0.31903.59
MinimumVisualStudioVersion = 10.0.40219.1
Project("{2150E333-8FDC-42A3-9474-1A3956D46DE8}") = "src", "src", "{E8D9E9F4-438D-448F-B087-6AC6466330F3}"
EndProject
Project("{2150E333-8FDC-42A3-9474-1A3956D46DE8}") = "Core", "Core", "{A0C038AF-EC21-488C-857C-216698024DA5}"
EndProject
Project("{2150E333-8FDC-42A3-9474-1A3956D46DE8}") = "Infrastructure", "Infrastructure", "{1CA9828D-00C0-4243-9226-3B2A64B64F9A}"
EndProject
Project("{2150E333-8FDC-42A3-9474-1A3956D46DE8}") = "Presentation", "Presentation", "{9B248284-06C7-4FA7-B210-6C5407EB627A}"
EndProject
Project("{2150E333-8FDC-42A3-9474-1A3956D46DE8}") = "Api", "Api", "{FF5565F4-8709-4F4D-8B87-65D68D7CA6D6}"
EndProject
Project("{9A19103F-16F7-4668-BE54-9A1E7A4F7556}") = "COE.Domain", "src\Core\COE.Domain\COE.Domain.csproj", "{55D81D6A-4E49-4449-A406-2E45FC50D6C2}"
EndProject
Project("{9A19103F-16F7-4668-BE54-9A1E7A4F7556}") = "COE.Application", "src\Core\COE.Application\COE.Application.csproj", "{10DE0A16-4CD1-4111-A0DF-0D7969485BDC}"
EndProject
Project("{9A19103F-16F7-4668-BE54-9A1E7A4F7556}") = "COE.Persistence", "src\Infrastructure\COE.Persistence\COE.Persistence.csproj", "{75E19D0D-FB79-4CC5-AA2E-F92088E4DDCE}"
EndProject
Project("{9A19103F-16F7-4668-BE54-9A1E7A4F7556}") = "COE.WebApi", "src\Presentation\Api\COE.WebApi\COE.WebApi.csproj", "{942A1BFC-381B-46C3-8E66-5D6CBF3195C4}"
EndProject
Project("{FAE04EC0-301F-11D3-BF4B-00C04F79EFBC}") = "COE.ClientExample", "src\Presentation\COE.ClientExample\COE.ClientExample.csproj", "{F4AAC53E-416A-4F81-A0F7-E988995349CA}"
EndProject
Global
	GlobalSection(SolutionConfigurationPlatforms) = preSolution
		Debug|Any CPU = Debug|Any CPU
		Release|Any CPU = Release|Any CPU
	EndGlobalSection
	GlobalSection(ProjectConfigurationPlatforms) = postSolution
		{55D81D6A-4E49-4449-A406-2E45FC50D6C2}.Debug|Any CPU.ActiveCfg = Debug|Any CPU
		{55D81D6A-4E49-4449-A406-2E45FC50D6C2}.Debug|Any CPU.Build.0 = Debug|Any CPU
		{55D81D6A-4E49-4449-A406-2E45FC50D6C2}.Release|Any CPU.ActiveCfg = Release|Any CPU
		{55D81D6A-4E49-4449-A406-2E45FC50D6C2}.Release|Any CPU.Build.0 = Release|Any CPU
		{10DE0A16-4CD1-4111-A0DF-0D7969485BDC}.Debug|Any CPU.ActiveCfg = Debug|Any CPU
		{10DE0A16-4CD1-4111-A0DF-0D7969485BDC}.Debug|Any CPU.Build.0 = Debug|Any CPU
		{10DE0A16-4CD1-4111-A0DF-0D7969485BDC}.Release|Any CPU.ActiveCfg = Release|Any CPU
		{10DE0A16-4CD1-4111-A0DF-0D7969485BDC}.Release|Any CPU.Build.0 = Release|Any CPU
		{75E19D0D-FB79-4CC5-AA2E-F92088E4DDCE}.Debug|Any CPU.ActiveCfg = Debug|Any CPU
		{75E19D0D-FB79-4CC5-AA2E-F92088E4DDCE}.Debug|Any CPU.Build.0 = Debug|Any CPU
		{75E19D0D-FB79-4CC5-AA2E-F92088E4DDCE}.Release|Any CPU.ActiveCfg = Release|Any CPU
		{75E19D0D-FB79-4CC5-AA2E-F92088E4DDCE}.Release|Any CPU.Build.0 = Release|Any CPU
		{942A1BFC-381B-46C3-8E66-5D6CBF3195C4}.Debug|Any CPU.ActiveCfg = Debug|Any CPU
		{942A1BFC-381B-46C3-8E66-5D6CBF3195C4}.Debug|Any CPU.Build.0 = Debug|Any CPU
		{942A1BFC-381B-46C3-8E66-5D6CBF3195C4}.Release|Any CPU.ActiveCfg = Release|Any CPU
		{942A1BFC-381B-46C3-8E66-5D6CBF3195C4}.Release|Any CPU.Build.0 = Release|Any CPU
		{F4AAC53E-416A-4F81-A0F7-E988995349CA}.Debug|Any CPU.ActiveCfg = Debug|Any CPU
		{F4AAC53E-416A-4F81-A0F7-E988995349CA}.Debug|Any CPU.Build.0 = Debug|Any CPU
		{F4AAC53E-416A-4F81-A0F7-E988995349CA}.Release|Any CPU.ActiveCfg = Release|Any CPU
		{F4AAC53E-416A-4F81-A0F7-E988995349CA}.Release|Any CPU.Build.0 = Release|Any CPU
	EndGlobalSection
	GlobalSection(SolutionProperties) = preSolution
		HideSolutionNode = FALSE
	EndGlobalSection
	GlobalSection(NestedProjects) = preSolution
		{A0C038AF-EC21-488C-857C-216698024DA5} = {E8D9E9F4-438D-448F-B087-6AC6466330F3}
		{1CA9828D-00C0-4243-9226-3B2A64B64F9A} = {E8D9E9F4-438D-448F-B087-6AC6466330F3}
		{9B248284-06C7-4FA7-B210-6C5407EB627A} = {E8D9E9F4-438D-448F-B087-6AC6466330F3}
		{FF5565F4-8709-4F4D-8B87-65D68D7CA6D6} = {9B248284-06C7-4FA7-B210-6C5407EB627A}
		{55D81D6A-4E49-4449-A406-2E45FC50D6C2} = {A0C038AF-EC21-488C-857C-216698024DA5}
		{10DE0A16-4CD1-4111-A0DF-0D7969485BDC} = {A0C038AF-EC21-488C-857C-216698024DA5}
		{75E19D0D-FB79-4CC5-AA2E-F92088E4DDCE} = {1CA9828D-00C0-4243-9226-3B2A64B64F9A}
		{942A1BFC-381B-46C3-8E66-5D6CBF3195C4} = {FF5565F4-8709-4F4D-8B87-65D68D7CA6D6}
		{F4AAC53E-416A-4F81-A0F7-E988995349CA} = {9B248284-06C7-4FA7-B210-6C5407EB627A}
	EndGlobalSection
	GlobalSection(ExtensibilityGlobals) = postSolution
		SolutionGuid = {6275D30A-86A2-4DF2-90D9-D399CDA8CD8C}
	EndGlobalSection
EndGlobal
